
Microsoft Visual Studio Solution File, Format Version 12.00
# Visual Studio Version 16
VisualStudioVersion = 16.0.31911.196
MinimumVisualStudioVersion = 10.0.40219.1
Project("{FAE04EC0-301F-11D3-BF4B-00C04F79EFBC}") = "fesiller", "fesiller\fesiller.csproj", "{606AD2B9-E144-4BBA-91BE-3DF5ACD8948B}"
EndProject
Global
	GlobalSection(SolutionConfigurationPlatforms) = preSolution
		Debug|Any CPU = Debug|Any CPU
		Release|Any CPU = Release|Any CPU
	EndGlobalSection
	GlobalSection(ProjectConfigurationPlatforms) = postSolution
		{606AD2B9-E144-4BBA-91BE-3DF5ACD8948B}.Debug|Any CPU.ActiveCfg = Debug|Any CPU
		{606AD2B9-E144-4BBA-91BE-3DF5ACD8948B}.Debug|Any CPU.Build.0 = Debug|Any CPU
		{606AD2B9-E144-4BBA-91BE-3DF5ACD8948B}.Release|Any CPU.ActiveCfg = Release|Any CPU
		{606AD2B9-E144-4BBA-91BE-3DF5ACD8948B}.Release|Any CPU.Build.0 = Release|Any CPU
	EndGlobalSection
	GlobalSection(SolutionProperties) = preSolution
		HideSolutionNode = FALSE
	EndGlobalSection
	GlobalSection(ExtensibilityGlobals) = postSolution
		SolutionGuid = {DB3D1476-F05C-4605-8572-F9BD0D5FEFA3}
	EndGlobalSection
EndGlobal
